// !$*UTF8*$!
{
	archiveVersion = 1;
	classes = {
	};
	objectVersion = 48;
	objects = {

/* Begin PBXBuildFile section */
		0E7DABAF767B72E2153A4893 /* Pods_CheckClean.framework in Frameworks */ = {isa = PBXBuildFile; fileRef = 64AC6BC8A2AF198BDFAB0DAC /* Pods_CheckClean.framework */; };
		4802CA872095CE6A00227E61 /* AppDelegate.swift in Sources */ = {isa = PBXBuildFile; fileRef = 4802CA862095CE6A00227E61 /* AppDelegate.swift */; };
		4802CA8C2095CE6A00227E61 /* Main.storyboard in Resources */ = {isa = PBXBuildFile; fileRef = 4802CA8A2095CE6A00227E61 /* Main.storyboard */; };
		4802CA8E2095CE6A00227E61 /* Assets.xcassets in Resources */ = {isa = PBXBuildFile; fileRef = 4802CA8D2095CE6A00227E61 /* Assets.xcassets */; };
		4802CA912095CE6A00227E61 /* LaunchScreen.storyboard in Resources */ = {isa = PBXBuildFile; fileRef = 4802CA8F2095CE6A00227E61 /* LaunchScreen.storyboard */; };
		4802CA9C2095CE6A00227E61 /* CheckCleanTests.swift in Sources */ = {isa = PBXBuildFile; fileRef = 4802CA9B2095CE6A00227E61 /* CheckCleanTests.swift */; };
		4802CAA72095CE6A00227E61 /* CheckCleanUITests.swift in Sources */ = {isa = PBXBuildFile; fileRef = 4802CAA62095CE6A00227E61 /* CheckCleanUITests.swift */; };
		48201E5620C01608000D2B0E /* RapportAnnuelViewController.swift in Sources */ = {isa = PBXBuildFile; fileRef = 48201E5520C01608000D2B0E /* RapportAnnuelViewController.swift */; };
		4826212120C1567500CAD882 /* PicturesCollectionViewCell.swift in Sources */ = {isa = PBXBuildFile; fileRef = 4826212020C1567500CAD882 /* PicturesCollectionViewCell.swift */; };
		4829434620B89C64000C81BA /* TeamViewController.swift in Sources */ = {isa = PBXBuildFile; fileRef = 4829434520B89C64000C81BA /* TeamViewController.swift */; };
		482BB6E920B81AB90029A367 /* TabBarViewController.swift in Sources */ = {isa = PBXBuildFile; fileRef = 482BB6E820B81AB90029A367 /* TabBarViewController.swift */; };
		483AFC0F20B4BF0E00F2E81C /* ListUserTableViewCell.swift in Sources */ = {isa = PBXBuildFile; fileRef = 483AFC0720B4BF0E00F2E81C /* ListUserTableViewCell.swift */; };
		483AFC1020B4BF0E00F2E81C /* ToDOViewController.swift in Sources */ = {isa = PBXBuildFile; fileRef = 483AFC0820B4BF0E00F2E81C /* ToDOViewController.swift */; };
		483AFC1120B4BF0E00F2E81C /* ChoiceBuldingViewController.swift in Sources */ = {isa = PBXBuildFile; fileRef = 483AFC0920B4BF0E00F2E81C /* ChoiceBuldingViewController.swift */; };
		483AFC1220B4BF0E00F2E81C /* AddBuldingViewController.swift in Sources */ = {isa = PBXBuildFile; fileRef = 483AFC0A20B4BF0E00F2E81C /* AddBuldingViewController.swift */; };
		483AFC1320B4BF0E00F2E81C /* BuldingStructurViewController.swift in Sources */ = {isa = PBXBuildFile; fileRef = 483AFC0B20B4BF0E00F2E81C /* BuldingStructurViewController.swift */; };
		483AFC1420B4BF0E00F2E81C /* AddViewController.swift in Sources */ = {isa = PBXBuildFile; fileRef = 483AFC0C20B4BF0E00F2E81C /* AddViewController.swift */; };
		483AFC1520B4BF0E00F2E81C /* ViewController.swift in Sources */ = {isa = PBXBuildFile; fileRef = 483AFC0D20B4BF0E00F2E81C /* ViewController.swift */; };
		483AFC1620B4BF0E00F2E81C /* InscriptionViewController.swift in Sources */ = {isa = PBXBuildFile; fileRef = 483AFC0E20B4BF0E00F2E81C /* InscriptionViewController.swift */; };
		483AFC1820B4BF2D00F2E81C /* ToDO.swift in Sources */ = {isa = PBXBuildFile; fileRef = 483AFC1720B4BF2D00F2E81C /* ToDO.swift */; };
		483AFC1B20B4CED000F2E81C /* DatabaseManager.swift in Sources */ = {isa = PBXBuildFile; fileRef = 483AFC1A20B4CED000F2E81C /* DatabaseManager.swift */; };
		484665EF20C2278000556493 /* ZoneControl.swift in Sources */ = {isa = PBXBuildFile; fileRef = 484665EE20C2277F00556493 /* ZoneControl.swift */; };
		484665F120C22A4E00556493 /* DictionaryRapport.swift in Sources */ = {isa = PBXBuildFile; fileRef = 484665F020C22A4E00556493 /* DictionaryRapport.swift */; };
		48691E2E20A6036D00DA66B4 /* UserDb.swift in Sources */ = {isa = PBXBuildFile; fileRef = 48691E2D20A6036D00DA66B4 /* UserDb.swift */; };
		48C30AE8209AFDB400E3CC64 /* GoogleService-Info.plist in Resources */ = {isa = PBXBuildFile; fileRef = 48C30AE7209AFDB400E3CC64 /* GoogleService-Info.plist */; };
		48FCB28620A5962B0048AE63 /* Bulding.swift in Sources */ = {isa = PBXBuildFile; fileRef = 48FCB28520A5962B0048AE63 /* Bulding.swift */; };
/* End PBXBuildFile section */

/* Begin PBXContainerItemProxy section */
		4802CA982095CE6A00227E61 /* PBXContainerItemProxy */ = {
			isa = PBXContainerItemProxy;
			containerPortal = 4802CA7B2095CE6900227E61 /* Project object */;
			proxyType = 1;
			remoteGlobalIDString = 4802CA822095CE6A00227E61;
			remoteInfo = CheckClean;
		};
		4802CAA32095CE6A00227E61 /* PBXContainerItemProxy */ = {
			isa = PBXContainerItemProxy;
			containerPortal = 4802CA7B2095CE6900227E61 /* Project object */;
			proxyType = 1;
			remoteGlobalIDString = 4802CA822095CE6A00227E61;
			remoteInfo = CheckClean;
		};
/* End PBXContainerItemProxy section */

/* Begin PBXFileReference section */
		03004A217CA212C684999FD5 /* Pods-CheckClean.release.xcconfig */ = {isa = PBXFileReference; includeInIndex = 1; lastKnownFileType = text.xcconfig; name = "Pods-CheckClean.release.xcconfig"; path = "Pods/Target Support Files/Pods-CheckClean/Pods-CheckClean.release.xcconfig"; sourceTree = "<group>"; };
		4802CA832095CE6A00227E61 /* CheckClean.app */ = {isa = PBXFileReference; explicitFileType = wrapper.application; includeInIndex = 0; path = CheckClean.app; sourceTree = BUILT_PRODUCTS_DIR; };
		4802CA862095CE6A00227E61 /* AppDelegate.swift */ = {isa = PBXFileReference; lastKnownFileType = sourcecode.swift; path = AppDelegate.swift; sourceTree = "<group>"; };
		4802CA8B2095CE6A00227E61 /* Base */ = {isa = PBXFileReference; lastKnownFileType = file.storyboard; name = Base; path = Base.lproj/Main.storyboard; sourceTree = "<group>"; };
		4802CA8D2095CE6A00227E61 /* Assets.xcassets */ = {isa = PBXFileReference; lastKnownFileType = folder.assetcatalog; path = Assets.xcassets; sourceTree = "<group>"; };
		4802CA902095CE6A00227E61 /* Base */ = {isa = PBXFileReference; lastKnownFileType = file.storyboard; name = Base; path = Base.lproj/LaunchScreen.storyboard; sourceTree = "<group>"; };
		4802CA922095CE6A00227E61 /* Info.plist */ = {isa = PBXFileReference; lastKnownFileType = text.plist.xml; path = Info.plist; sourceTree = "<group>"; };
		4802CA972095CE6A00227E61 /* CheckCleanTests.xctest */ = {isa = PBXFileReference; explicitFileType = wrapper.cfbundle; includeInIndex = 0; path = CheckCleanTests.xctest; sourceTree = BUILT_PRODUCTS_DIR; };
		4802CA9B2095CE6A00227E61 /* CheckCleanTests.swift */ = {isa = PBXFileReference; lastKnownFileType = sourcecode.swift; path = CheckCleanTests.swift; sourceTree = "<group>"; };
		4802CA9D2095CE6A00227E61 /* Info.plist */ = {isa = PBXFileReference; lastKnownFileType = text.plist.xml; path = Info.plist; sourceTree = "<group>"; };
		4802CAA22095CE6A00227E61 /* CheckCleanUITests.xctest */ = {isa = PBXFileReference; explicitFileType = wrapper.cfbundle; includeInIndex = 0; path = CheckCleanUITests.xctest; sourceTree = BUILT_PRODUCTS_DIR; };
		4802CAA62095CE6A00227E61 /* CheckCleanUITests.swift */ = {isa = PBXFileReference; lastKnownFileType = sourcecode.swift; path = CheckCleanUITests.swift; sourceTree = "<group>"; };
		4802CAA82095CE6A00227E61 /* Info.plist */ = {isa = PBXFileReference; lastKnownFileType = text.plist.xml; path = Info.plist; sourceTree = "<group>"; };
		48201E5520C01608000D2B0E /* RapportAnnuelViewController.swift */ = {isa = PBXFileReference; lastKnownFileType = sourcecode.swift; path = RapportAnnuelViewController.swift; sourceTree = "<group>"; };
		4826212020C1567500CAD882 /* PicturesCollectionViewCell.swift */ = {isa = PBXFileReference; lastKnownFileType = sourcecode.swift; path = PicturesCollectionViewCell.swift; sourceTree = "<group>"; };
		4829434520B89C64000C81BA /* TeamViewController.swift */ = {isa = PBXFileReference; lastKnownFileType = sourcecode.swift; path = TeamViewController.swift; sourceTree = "<group>"; };
		482BB6E820B81AB90029A367 /* TabBarViewController.swift */ = {isa = PBXFileReference; lastKnownFileType = sourcecode.swift; path = TabBarViewController.swift; sourceTree = "<group>"; };
		483AFC0720B4BF0E00F2E81C /* ListUserTableViewCell.swift */ = {isa = PBXFileReference; fileEncoding = 4; lastKnownFileType = sourcecode.swift; path = ListUserTableViewCell.swift; sourceTree = "<group>"; };
		483AFC0820B4BF0E00F2E81C /* ToDOViewController.swift */ = {isa = PBXFileReference; fileEncoding = 4; lastKnownFileType = sourcecode.swift; path = ToDOViewController.swift; sourceTree = "<group>"; };
		483AFC0920B4BF0E00F2E81C /* ChoiceBuldingViewController.swift */ = {isa = PBXFileReference; fileEncoding = 4; lastKnownFileType = sourcecode.swift; path = ChoiceBuldingViewController.swift; sourceTree = "<group>"; };
		483AFC0A20B4BF0E00F2E81C /* AddBuldingViewController.swift */ = {isa = PBXFileReference; fileEncoding = 4; lastKnownFileType = sourcecode.swift; path = AddBuldingViewController.swift; sourceTree = "<group>"; };
		483AFC0B20B4BF0E00F2E81C /* BuldingStructurViewController.swift */ = {isa = PBXFileReference; fileEncoding = 4; lastKnownFileType = sourcecode.swift; path = BuldingStructurViewController.swift; sourceTree = "<group>"; };
		483AFC0C20B4BF0E00F2E81C /* AddViewController.swift */ = {isa = PBXFileReference; fileEncoding = 4; lastKnownFileType = sourcecode.swift; path = AddViewController.swift; sourceTree = "<group>"; };
		483AFC0D20B4BF0E00F2E81C /* ViewController.swift */ = {isa = PBXFileReference; fileEncoding = 4; lastKnownFileType = sourcecode.swift; path = ViewController.swift; sourceTree = "<group>"; };
		483AFC0E20B4BF0E00F2E81C /* InscriptionViewController.swift */ = {isa = PBXFileReference; fileEncoding = 4; lastKnownFileType = sourcecode.swift; path = InscriptionViewController.swift; sourceTree = "<group>"; };
		483AFC1720B4BF2D00F2E81C /* ToDO.swift */ = {isa = PBXFileReference; fileEncoding = 4; lastKnownFileType = sourcecode.swift; path = ToDO.swift; sourceTree = "<group>"; };
		483AFC1A20B4CED000F2E81C /* DatabaseManager.swift */ = {isa = PBXFileReference; lastKnownFileType = sourcecode.swift; path = DatabaseManager.swift; sourceTree = "<group>"; };
		484665EE20C2277F00556493 /* ZoneControl.swift */ = {isa = PBXFileReference; lastKnownFileType = sourcecode.swift; path = ZoneControl.swift; sourceTree = "<group>"; };
		484665F020C22A4E00556493 /* DictionaryRapport.swift */ = {isa = PBXFileReference; lastKnownFileType = sourcecode.swift; path = DictionaryRapport.swift; sourceTree = "<group>"; };
		48691E2D20A6036D00DA66B4 /* UserDb.swift */ = {isa = PBXFileReference; fileEncoding = 4; lastKnownFileType = sourcecode.swift; path = UserDb.swift; sourceTree = "<group>"; };
		48C30AE7209AFDB400E3CC64 /* GoogleService-Info.plist */ = {isa = PBXFileReference; fileEncoding = 4; lastKnownFileType = text.plist.xml; path = "GoogleService-Info.plist"; sourceTree = "<group>"; };
		48FCB28520A5962B0048AE63 /* Bulding.swift */ = {isa = PBXFileReference; lastKnownFileType = sourcecode.swift; path = Bulding.swift; sourceTree = "<group>"; };
		64AC6BC8A2AF198BDFAB0DAC /* Pods_CheckClean.framework */ = {isa = PBXFileReference; explicitFileType = wrapper.framework; includeInIndex = 0; path = Pods_CheckClean.framework; sourceTree = BUILT_PRODUCTS_DIR; };
		987F530FD20EFFCBC26A5F49 /* Pods-CheckClean.debug.xcconfig */ = {isa = PBXFileReference; includeInIndex = 1; lastKnownFileType = text.xcconfig; name = "Pods-CheckClean.debug.xcconfig"; path = "Pods/Target Support Files/Pods-CheckClean/Pods-CheckClean.debug.xcconfig"; sourceTree = "<group>"; };
/* End PBXFileReference section */

/* Begin PBXFrameworksBuildPhase section */
		4802CA802095CE6A00227E61 /* Frameworks */ = {
			isa = PBXFrameworksBuildPhase;
			buildActionMask = 2147483647;
			files = (
				0E7DABAF767B72E2153A4893 /* Pods_CheckClean.framework in Frameworks */,
			);
			runOnlyForDeploymentPostprocessing = 0;
		};
		4802CA942095CE6A00227E61 /* Frameworks */ = {
			isa = PBXFrameworksBuildPhase;
			buildActionMask = 2147483647;
			files = (
			);
			runOnlyForDeploymentPostprocessing = 0;
		};
		4802CA9F2095CE6A00227E61 /* Frameworks */ = {
			isa = PBXFrameworksBuildPhase;
			buildActionMask = 2147483647;
			files = (
			);
			runOnlyForDeploymentPostprocessing = 0;
		};
/* End PBXFrameworksBuildPhase section */

/* Begin PBXGroup section */
		4802CA7A2095CE6900227E61 = {
			isa = PBXGroup;
			children = (
				4802CA852095CE6A00227E61 /* CheckClean */,
				4802CA9A2095CE6A00227E61 /* CheckCleanTests */,
				4802CAA52095CE6A00227E61 /* CheckCleanUITests */,
				4802CA842095CE6A00227E61 /* Products */,
				B4EDC8B8F29D6D5E213D8360 /* Pods */,
				5DE251B0A0D1AF767D2C5D44 /* Frameworks */,
			);
			sourceTree = "<group>";
		};
		4802CA842095CE6A00227E61 /* Products */ = {
			isa = PBXGroup;
			children = (
				4802CA832095CE6A00227E61 /* CheckClean.app */,
				4802CA972095CE6A00227E61 /* CheckCleanTests.xctest */,
				4802CAA22095CE6A00227E61 /* CheckCleanUITests.xctest */,
			);
			name = Products;
			sourceTree = "<group>";
		};
		4802CA852095CE6A00227E61 /* CheckClean */ = {
			isa = PBXGroup;
			children = (
				482BB6E720B7E9A80029A367 /* data */,
				48FCB28420A596090048AE63 /* model */,
				4802CAB42095DE0800227E61 /* Controller */,
				4802CA862095CE6A00227E61 /* AppDelegate.swift */,
				4802CA8A2095CE6A00227E61 /* Main.storyboard */,
				4802CA8D2095CE6A00227E61 /* Assets.xcassets */,
				4802CA8F2095CE6A00227E61 /* LaunchScreen.storyboard */,
				48C30AE7209AFDB400E3CC64 /* GoogleService-Info.plist */,
				4802CA922095CE6A00227E61 /* Info.plist */,
			);
			path = CheckClean;
			sourceTree = "<group>";
		};
		4802CA9A2095CE6A00227E61 /* CheckCleanTests */ = {
			isa = PBXGroup;
			children = (
				4802CA9B2095CE6A00227E61 /* CheckCleanTests.swift */,
				4802CA9D2095CE6A00227E61 /* Info.plist */,
			);
			path = CheckCleanTests;
			sourceTree = "<group>";
		};
		4802CAA52095CE6A00227E61 /* CheckCleanUITests */ = {
			isa = PBXGroup;
			children = (
				4802CAA62095CE6A00227E61 /* CheckCleanUITests.swift */,
				4802CAA82095CE6A00227E61 /* Info.plist */,
			);
			path = CheckCleanUITests;
			sourceTree = "<group>";
		};
		4802CAB42095DE0800227E61 /* Controller */ = {
			isa = PBXGroup;
			children = (
				483AFC0A20B4BF0E00F2E81C /* AddBuldingViewController.swift */,
				483AFC0C20B4BF0E00F2E81C /* AddViewController.swift */,
				483AFC0B20B4BF0E00F2E81C /* BuldingStructurViewController.swift */,
				483AFC0920B4BF0E00F2E81C /* ChoiceBuldingViewController.swift */,
				483AFC0E20B4BF0E00F2E81C /* InscriptionViewController.swift */,
				483AFC0720B4BF0E00F2E81C /* ListUserTableViewCell.swift */,
				483AFC0820B4BF0E00F2E81C /* ToDOViewController.swift */,
				483AFC0D20B4BF0E00F2E81C /* ViewController.swift */,
				482BB6E820B81AB90029A367 /* TabBarViewController.swift */,
				4829434520B89C64000C81BA /* TeamViewController.swift */,
				48201E5520C01608000D2B0E /* RapportAnnuelViewController.swift */,
				4826212020C1567500CAD882 /* PicturesCollectionViewCell.swift */,
			);
			path = Controller;
			sourceTree = "<group>";
		};
		482BB6E720B7E9A80029A367 /* data */ = {
			isa = PBXGroup;
			children = (
				483AFC1920B4CEB000F2E81C /* db */,
			);
			path = data;
			sourceTree = "<group>";
		};
		483AFC1920B4CEB000F2E81C /* db */ = {
			isa = PBXGroup;
			children = (
				483AFC1A20B4CED000F2E81C /* DatabaseManager.swift */,
			);
			path = db;
			sourceTree = "<group>";
		};
		48FCB28420A596090048AE63 /* model */ = {
			isa = PBXGroup;
			children = (
				483AFC1720B4BF2D00F2E81C /* ToDO.swift */,
				48FCB28520A5962B0048AE63 /* Bulding.swift */,
				48691E2D20A6036D00DA66B4 /* UserDb.swift */,
				484665EE20C2277F00556493 /* ZoneControl.swift */,
				484665F020C22A4E00556493 /* DictionaryRapport.swift */,
			);
			path = model;
			sourceTree = "<group>";
		};
		5DE251B0A0D1AF767D2C5D44 /* Frameworks */ = {
			isa = PBXGroup;
			children = (
				64AC6BC8A2AF198BDFAB0DAC /* Pods_CheckClean.framework */,
			);
			name = Frameworks;
			sourceTree = "<group>";
		};
		B4EDC8B8F29D6D5E213D8360 /* Pods */ = {
			isa = PBXGroup;
			children = (
				987F530FD20EFFCBC26A5F49 /* Pods-CheckClean.debug.xcconfig */,
				03004A217CA212C684999FD5 /* Pods-CheckClean.release.xcconfig */,
			);
			name = Pods;
			sourceTree = "<group>";
		};
/* End PBXGroup section */

/* Begin PBXNativeTarget section */
		4802CA822095CE6A00227E61 /* CheckClean */ = {
			isa = PBXNativeTarget;
			buildConfigurationList = 4802CAAB2095CE6A00227E61 /* Build configuration list for PBXNativeTarget "CheckClean" */;
			buildPhases = (
				9183C7CF361D02E1CC54561A /* [CP] Check Pods Manifest.lock */,
				4802CA7F2095CE6A00227E61 /* Sources */,
				4802CA802095CE6A00227E61 /* Frameworks */,
				4802CA812095CE6A00227E61 /* Resources */,
				8C4892CC0F050FCBBDF43D6A /* [CP] Embed Pods Frameworks */,
			);
			buildRules = (
			);
			dependencies = (
			);
			name = CheckClean;
			productName = CheckClean;
			productReference = 4802CA832095CE6A00227E61 /* CheckClean.app */;
			productType = "com.apple.product-type.application";
		};
		4802CA962095CE6A00227E61 /* CheckCleanTests */ = {
			isa = PBXNativeTarget;
			buildConfigurationList = 4802CAAE2095CE6A00227E61 /* Build configuration list for PBXNativeTarget "CheckCleanTests" */;
			buildPhases = (
				4802CA932095CE6A00227E61 /* Sources */,
				4802CA942095CE6A00227E61 /* Frameworks */,
				4802CA952095CE6A00227E61 /* Resources */,
			);
			buildRules = (
			);
			dependencies = (
				4802CA992095CE6A00227E61 /* PBXTargetDependency */,
			);
			name = CheckCleanTests;
			productName = CheckCleanTests;
			productReference = 4802CA972095CE6A00227E61 /* CheckCleanTests.xctest */;
			productType = "com.apple.product-type.bundle.unit-test";
		};
		4802CAA12095CE6A00227E61 /* CheckCleanUITests */ = {
			isa = PBXNativeTarget;
			buildConfigurationList = 4802CAB12095CE6A00227E61 /* Build configuration list for PBXNativeTarget "CheckCleanUITests" */;
			buildPhases = (
				4802CA9E2095CE6A00227E61 /* Sources */,
				4802CA9F2095CE6A00227E61 /* Frameworks */,
				4802CAA02095CE6A00227E61 /* Resources */,
			);
			buildRules = (
			);
			dependencies = (
				4802CAA42095CE6A00227E61 /* PBXTargetDependency */,
			);
			name = CheckCleanUITests;
			productName = CheckCleanUITests;
			productReference = 4802CAA22095CE6A00227E61 /* CheckCleanUITests.xctest */;
			productType = "com.apple.product-type.bundle.ui-testing";
		};
/* End PBXNativeTarget section */

/* Begin PBXProject section */
		4802CA7B2095CE6900227E61 /* Project object */ = {
			isa = PBXProject;
			attributes = {
				LastSwiftUpdateCheck = 0920;
				LastUpgradeCheck = 0920;
				ORGANIZATIONNAME = "Machado Sergio";
				TargetAttributes = {
					4802CA822095CE6A00227E61 = {
						CreatedOnToolsVersion = 9.2;
						ProvisioningStyle = Automatic;
					};
					4802CA962095CE6A00227E61 = {
						CreatedOnToolsVersion = 9.2;
						ProvisioningStyle = Automatic;
						TestTargetID = 4802CA822095CE6A00227E61;
					};
					4802CAA12095CE6A00227E61 = {
						CreatedOnToolsVersion = 9.2;
						ProvisioningStyle = Automatic;
						TestTargetID = 4802CA822095CE6A00227E61;
					};
				};
			};
			buildConfigurationList = 4802CA7E2095CE6900227E61 /* Build configuration list for PBXProject "CheckClean" */;
			compatibilityVersion = "Xcode 8.0";
			developmentRegion = en;
			hasScannedForEncodings = 0;
			knownRegions = (
				en,
				Base,
			);
			mainGroup = 4802CA7A2095CE6900227E61;
			productRefGroup = 4802CA842095CE6A00227E61 /* Products */;
			projectDirPath = "";
			projectRoot = "";
			targets = (
				4802CA822095CE6A00227E61 /* CheckClean */,
				4802CA962095CE6A00227E61 /* CheckCleanTests */,
				4802CAA12095CE6A00227E61 /* CheckCleanUITests */,
			);
		};
/* End PBXProject section */

/* Begin PBXResourcesBuildPhase section */
		4802CA812095CE6A00227E61 /* Resources */ = {
			isa = PBXResourcesBuildPhase;
			buildActionMask = 2147483647;
			files = (
				4802CA912095CE6A00227E61 /* LaunchScreen.storyboard in Resources */,
				48C30AE8209AFDB400E3CC64 /* GoogleService-Info.plist in Resources */,
				4802CA8E2095CE6A00227E61 /* Assets.xcassets in Resources */,
				4802CA8C2095CE6A00227E61 /* Main.storyboard in Resources */,
			);
			runOnlyForDeploymentPostprocessing = 0;
		};
		4802CA952095CE6A00227E61 /* Resources */ = {
			isa = PBXResourcesBuildPhase;
			buildActionMask = 2147483647;
			files = (
			);
			runOnlyForDeploymentPostprocessing = 0;
		};
		4802CAA02095CE6A00227E61 /* Resources */ = {
			isa = PBXResourcesBuildPhase;
			buildActionMask = 2147483647;
			files = (
			);
			runOnlyForDeploymentPostprocessing = 0;
		};
/* End PBXResourcesBuildPhase section */

/* Begin PBXShellScriptBuildPhase section */
		8C4892CC0F050FCBBDF43D6A /* [CP] Embed Pods Frameworks */ = {
			isa = PBXShellScriptBuildPhase;
			buildActionMask = 2147483647;
			files = (
			);
			inputPaths = (
				"${SRCROOT}/Pods/Target Support Files/Pods-CheckClean/Pods-CheckClean-frameworks.sh",
				"${BUILT_PRODUCTS_DIR}/GTMSessionFetcher/GTMSessionFetcher.framework",
				"${BUILT_PRODUCTS_DIR}/GoogleToolboxForMac/GoogleToolboxForMac.framework",
				"${BUILT_PRODUCTS_DIR}/Realm/Realm.framework",
				"${BUILT_PRODUCTS_DIR}/RealmSwift/RealmSwift.framework",
				"${BUILT_PRODUCTS_DIR}/SimplePDF/SimplePDF.framework",
				"${BUILT_PRODUCTS_DIR}/Toast-Swift/Toast_Swift.framework",
				"${BUILT_PRODUCTS_DIR}/leveldb-library/leveldb.framework",
				"${BUILT_PRODUCTS_DIR}/nanopb/nanopb.framework",
			);
			name = "[CP] Embed Pods Frameworks";
			outputPaths = (
				"${TARGET_BUILD_DIR}/${FRAMEWORKS_FOLDER_PATH}/GTMSessionFetcher.framework",
				"${TARGET_BUILD_DIR}/${FRAMEWORKS_FOLDER_PATH}/GoogleToolboxForMac.framework",
				"${TARGET_BUILD_DIR}/${FRAMEWORKS_FOLDER_PATH}/Realm.framework",
				"${TARGET_BUILD_DIR}/${FRAMEWORKS_FOLDER_PATH}/RealmSwift.framework",
				"${TARGET_BUILD_DIR}/${FRAMEWORKS_FOLDER_PATH}/SimplePDF.framework",
				"${TARGET_BUILD_DIR}/${FRAMEWORKS_FOLDER_PATH}/Toast_Swift.framework",
				"${TARGET_BUILD_DIR}/${FRAMEWORKS_FOLDER_PATH}/leveldb.framework",
				"${TARGET_BUILD_DIR}/${FRAMEWORKS_FOLDER_PATH}/nanopb.framework",
			);
			runOnlyForDeploymentPostprocessing = 0;
			shellPath = /bin/sh;
			shellScript = "\"${SRCROOT}/Pods/Target Support Files/Pods-CheckClean/Pods-CheckClean-frameworks.sh\"\n";
			showEnvVarsInLog = 0;
		};
		9183C7CF361D02E1CC54561A /* [CP] Check Pods Manifest.lock */ = {
			isa = PBXShellScriptBuildPhase;
			buildActionMask = 2147483647;
			files = (
			);
			inputPaths = (
				"${PODS_PODFILE_DIR_PATH}/Podfile.lock",
				"${PODS_ROOT}/Manifest.lock",
			);
			name = "[CP] Check Pods Manifest.lock";
			outputPaths = (
				"$(DERIVED_FILE_DIR)/Pods-CheckClean-checkManifestLockResult.txt",
			);
			runOnlyForDeploymentPostprocessing = 0;
			shellPath = /bin/sh;
			shellScript = "diff \"${PODS_PODFILE_DIR_PATH}/Podfile.lock\" \"${PODS_ROOT}/Manifest.lock\" > /dev/null\nif [ $? != 0 ] ; then\n    # print error to STDERR\n    echo \"error: The sandbox is not in sync with the Podfile.lock. Run 'pod install' or update your CocoaPods installation.\" >&2\n    exit 1\nfi\n# This output is used by Xcode 'outputs' to avoid re-running this script phase.\necho \"SUCCESS\" > \"${SCRIPT_OUTPUT_FILE_0}\"\n";
			showEnvVarsInLog = 0;
		};
/* End PBXShellScriptBuildPhase section */

/* Begin PBXSourcesBuildPhase section */
		4802CA7F2095CE6A00227E61 /* Sources */ = {
			isa = PBXSourcesBuildPhase;
			buildActionMask = 2147483647;
			files = (
				483AFC1520B4BF0E00F2E81C /* ViewController.swift in Sources */,
				4826212120C1567500CAD882 /* PicturesCollectionViewCell.swift in Sources */,
				483AFC0F20B4BF0E00F2E81C /* ListUserTableViewCell.swift in Sources */,
				48201E5620C01608000D2B0E /* RapportAnnuelViewController.swift in Sources */,
				483AFC1B20B4CED000F2E81C /* DatabaseManager.swift in Sources */,
				483AFC1120B4BF0E00F2E81C /* ChoiceBuldingViewController.swift in Sources */,
				4829434620B89C64000C81BA /* TeamViewController.swift in Sources */,
				484665F120C22A4E00556493 /* DictionaryRapport.swift in Sources */,
				482BB6E920B81AB90029A367 /* TabBarViewController.swift in Sources */,
				483AFC1820B4BF2D00F2E81C /* ToDO.swift in Sources */,
				484665EF20C2278000556493 /* ZoneControl.swift in Sources */,
				483AFC1420B4BF0E00F2E81C /* AddViewController.swift in Sources */,
				4802CA872095CE6A00227E61 /* AppDelegate.swift in Sources */,
				483AFC1020B4BF0E00F2E81C /* ToDOViewController.swift in Sources */,
				483AFC1220B4BF0E00F2E81C /* AddBuldingViewController.swift in Sources */,
				483AFC1620B4BF0E00F2E81C /* InscriptionViewController.swift in Sources */,
				48691E2E20A6036D00DA66B4 /* UserDb.swift in Sources */,
				483AFC1320B4BF0E00F2E81C /* BuldingStructurViewController.swift in Sources */,
				48FCB28620A5962B0048AE63 /* Bulding.swift in Sources */,
			);
			runOnlyForDeploymentPostprocessing = 0;
		};
		4802CA932095CE6A00227E61 /* Sources */ = {
			isa = PBXSourcesBuildPhase;
			buildActionMask = 2147483647;
			files = (
				4802CA9C2095CE6A00227E61 /* CheckCleanTests.swift in Sources */,
			);
			runOnlyForDeploymentPostprocessing = 0;
		};
		4802CA9E2095CE6A00227E61 /* Sources */ = {
			isa = PBXSourcesBuildPhase;
			buildActionMask = 2147483647;
			files = (
				4802CAA72095CE6A00227E61 /* CheckCleanUITests.swift in Sources */,
			);
			runOnlyForDeploymentPostprocessing = 0;
		};
/* End PBXSourcesBuildPhase section */

/* Begin PBXTargetDependency section */
		4802CA992095CE6A00227E61 /* PBXTargetDependency */ = {
			isa = PBXTargetDependency;
			target = 4802CA822095CE6A00227E61 /* CheckClean */;
			targetProxy = 4802CA982095CE6A00227E61 /* PBXContainerItemProxy */;
		};
		4802CAA42095CE6A00227E61 /* PBXTargetDependency */ = {
			isa = PBXTargetDependency;
			target = 4802CA822095CE6A00227E61 /* CheckClean */;
			targetProxy = 4802CAA32095CE6A00227E61 /* PBXContainerItemProxy */;
		};
/* End PBXTargetDependency section */

/* Begin PBXVariantGroup section */
		4802CA8A2095CE6A00227E61 /* Main.storyboard */ = {
			isa = PBXVariantGroup;
			children = (
				4802CA8B2095CE6A00227E61 /* Base */,
			);
			name = Main.storyboard;
			sourceTree = "<group>";
		};
		4802CA8F2095CE6A00227E61 /* LaunchScreen.storyboard */ = {
			isa = PBXVariantGroup;
			children = (
				4802CA902095CE6A00227E61 /* Base */,
			);
			name = LaunchScreen.storyboard;
			sourceTree = "<group>";
		};
/* End PBXVariantGroup section */

/* Begin XCBuildConfiguration section */
		4802CAA92095CE6A00227E61 /* Debug */ = {
			isa = XCBuildConfiguration;
			buildSettings = {
				ALWAYS_SEARCH_USER_PATHS = NO;
				CLANG_ANALYZER_NONNULL = YES;
				CLANG_ANALYZER_NUMBER_OBJECT_CONVERSION = YES_AGGRESSIVE;
				CLANG_CXX_LANGUAGE_STANDARD = "gnu++14";
				CLANG_CXX_LIBRARY = "libc++";
				CLANG_ENABLE_MODULES = YES;
				CLANG_ENABLE_OBJC_ARC = YES;
				CLANG_WARN_BLOCK_CAPTURE_AUTORELEASING = YES;
				CLANG_WARN_BOOL_CONVERSION = YES;
				CLANG_WARN_COMMA = YES;
				CLANG_WARN_CONSTANT_CONVERSION = YES;
				CLANG_WARN_DIRECT_OBJC_ISA_USAGE = YES_ERROR;
				CLANG_WARN_DOCUMENTATION_COMMENTS = YES;
				CLANG_WARN_EMPTY_BODY = YES;
				CLANG_WARN_ENUM_CONVERSION = YES;
				CLANG_WARN_INFINITE_RECURSION = YES;
				CLANG_WARN_INT_CONVERSION = YES;
				CLANG_WARN_NON_LITERAL_NULL_CONVERSION = YES;
				CLANG_WARN_OBJC_LITERAL_CONVERSION = YES;
				CLANG_WARN_OBJC_ROOT_CLASS = YES_ERROR;
				CLANG_WARN_RANGE_LOOP_ANALYSIS = YES;
				CLANG_WARN_STRICT_PROTOTYPES = YES;
				CLANG_WARN_SUSPICIOUS_MOVE = YES;
				CLANG_WARN_UNGUARDED_AVAILABILITY = YES_AGGRESSIVE;
				CLANG_WARN_UNREACHABLE_CODE = YES;
				CLANG_WARN__DUPLICATE_METHOD_MATCH = YES;
				CODE_SIGN_IDENTITY = "iPhone Developer";
				COPY_PHASE_STRIP = NO;
				DEBUG_INFORMATION_FORMAT = dwarf;
				ENABLE_STRICT_OBJC_MSGSEND = YES;
				ENABLE_TESTABILITY = YES;
				GCC_C_LANGUAGE_STANDARD = gnu11;
				GCC_DYNAMIC_NO_PIC = NO;
				GCC_NO_COMMON_BLOCKS = YES;
				GCC_OPTIMIZATION_LEVEL = 0;
				GCC_PREPROCESSOR_DEFINITIONS = (
					"DEBUG=1",
					"$(inherited)",
				);
				GCC_WARN_64_TO_32_BIT_CONVERSION = YES;
				GCC_WARN_ABOUT_RETURN_TYPE = YES_ERROR;
				GCC_WARN_UNDECLARED_SELECTOR = YES;
				GCC_WARN_UNINITIALIZED_AUTOS = YES_AGGRESSIVE;
				GCC_WARN_UNUSED_FUNCTION = YES;
				GCC_WARN_UNUSED_VARIABLE = YES;
				IPHONEOS_DEPLOYMENT_TARGET = 11.2;
				MTL_ENABLE_DEBUG_INFO = YES;
				ONLY_ACTIVE_ARCH = YES;
				SDKROOT = iphoneos;
				SWIFT_ACTIVE_COMPILATION_CONDITIONS = DEBUG;
				SWIFT_OPTIMIZATION_LEVEL = "-Onone";
			};
			name = Debug;
		};
		4802CAAA2095CE6A00227E61 /* Release */ = {
			isa = XCBuildConfiguration;
			buildSettings = {
				ALWAYS_SEARCH_USER_PATHS = NO;
				CLANG_ANALYZER_NONNULL = YES;
				CLANG_ANALYZER_NUMBER_OBJECT_CONVERSION = YES_AGGRESSIVE;
				CLANG_CXX_LANGUAGE_STANDARD = "gnu++14";
				CLANG_CXX_LIBRARY = "libc++";
				CLANG_ENABLE_MODULES = YES;
				CLANG_ENABLE_OBJC_ARC = YES;
				CLANG_WARN_BLOCK_CAPTURE_AUTORELEASING = YES;
				CLANG_WARN_BOOL_CONVERSION = YES;
				CLANG_WARN_COMMA = YES;
				CLANG_WARN_CONSTANT_CONVERSION = YES;
				CLANG_WARN_DIRECT_OBJC_ISA_USAGE = YES_ERROR;
				CLANG_WARN_DOCUMENTATION_COMMENTS = YES;
				CLANG_WARN_EMPTY_BODY = YES;
				CLANG_WARN_ENUM_CONVERSION = YES;
				CLANG_WARN_INFINITE_RECURSION = YES;
				CLANG_WARN_INT_CONVERSION = YES;
				CLANG_WARN_NON_LITERAL_NULL_CONVERSION = YES;
				CLANG_WARN_OBJC_LITERAL_CONVERSION = YES;
				CLANG_WARN_OBJC_ROOT_CLASS = YES_ERROR;
				CLANG_WARN_RANGE_LOOP_ANALYSIS = YES;
				CLANG_WARN_STRICT_PROTOTYPES = YES;
				CLANG_WARN_SUSPICIOUS_MOVE = YES;
				CLANG_WARN_UNGUARDED_AVAILABILITY = YES_AGGRESSIVE;
				CLANG_WARN_UNREACHABLE_CODE = YES;
				CLANG_WARN__DUPLICATE_METHOD_MATCH = YES;
				CODE_SIGN_IDENTITY = "iPhone Developer";
				COPY_PHASE_STRIP = NO;
				DEBUG_INFORMATION_FORMAT = "dwarf-with-dsym";
				ENABLE_NS_ASSERTIONS = NO;
				ENABLE_STRICT_OBJC_MSGSEND = YES;
				GCC_C_LANGUAGE_STANDARD = gnu11;
				GCC_NO_COMMON_BLOCKS = YES;
				GCC_WARN_64_TO_32_BIT_CONVERSION = YES;
				GCC_WARN_ABOUT_RETURN_TYPE = YES_ERROR;
				GCC_WARN_UNDECLARED_SELECTOR = YES;
				GCC_WARN_UNINITIALIZED_AUTOS = YES_AGGRESSIVE;
				GCC_WARN_UNUSED_FUNCTION = YES;
				GCC_WARN_UNUSED_VARIABLE = YES;
				IPHONEOS_DEPLOYMENT_TARGET = 11.2;
				MTL_ENABLE_DEBUG_INFO = NO;
				SDKROOT = iphoneos;
				SWIFT_OPTIMIZATION_LEVEL = "-Owholemodule";
				VALIDATE_PRODUCT = YES;
			};
			name = Release;
		};
		4802CAAC2095CE6A00227E61 /* Debug */ = {
			isa = XCBuildConfiguration;
			baseConfigurationReference = 987F530FD20EFFCBC26A5F49 /* Pods-CheckClean.debug.xcconfig */;
			buildSettings = {
				ASSETCATALOG_COMPILER_APPICON_NAME = AppIcon;
				CODE_SIGN_IDENTITY = "iPhone Developer";
				CODE_SIGN_STYLE = Automatic;
				DEVELOPMENT_TEAM = YZ9ULCU5S6;
				INFOPLIST_FILE = CheckClean/Info.plist;
				LD_RUNPATH_SEARCH_PATHS = "$(inherited) @executable_path/Frameworks";
				PRODUCT_BUNDLE_IDENTIFIER = SEMM.CheckClean;
				PRODUCT_NAME = "$(TARGET_NAME)";
				PROVISIONING_PROFILE_SPECIFIER = "";
				SWIFT_VERSION = 4.0;
				TARGETED_DEVICE_FAMILY = "1,2";
			};
			name = Debug;
		};
		4802CAAD2095CE6A00227E61 /* Release */ = {
			isa = XCBuildConfiguration;
			baseConfigurationReference = 03004A217CA212C684999FD5 /* Pods-CheckClean.release.xcconfig */;
			buildSettings = {
				ASSETCATALOG_COMPILER_APPICON_NAME = AppIcon;
				CODE_SIGN_IDENTITY = "iPhone Developer";
				CODE_SIGN_STYLE = Automatic;
				DEVELOPMENT_TEAM = YZ9ULCU5S6;
				INFOPLIST_FILE = CheckClean/Info.plist;
				LD_RUNPATH_SEARCH_PATHS = "$(inherited) @executable_path/Frameworks";
				PRODUCT_BUNDLE_IDENTIFIER = SEMM.CheckClean;
				PRODUCT_NAME = "$(TARGET_NAME)";
				PROVISIONING_PROFILE_SPECIFIER = "";
				SWIFT_VERSION = 4.0;
				TARGETED_DEVICE_FAMILY = "1,2";
			};
			name = Release;
		};
		4802CAAF2095CE6A00227E61 /* Debug */ = {
			isa = XCBuildConfiguration;
			buildSettings = {
				ALWAYS_EMBED_SWIFT_STANDARD_LIBRARIES = YES;
				BUNDLE_LOADER = "$(TEST_HOST)";
				CODE_SIGN_STYLE = Automatic;
				DEVELOPMENT_TEAM = YZ9ULCU5S6;
				INFOPLIST_FILE = CheckCleanTests/Info.plist;
				LD_RUNPATH_SEARCH_PATHS = "$(inherited) @executable_path/Frameworks @loader_path/Frameworks";
				PRODUCT_BUNDLE_IDENTIFIER = SEMM.CheckCleanTests;
				PRODUCT_NAME = "$(TARGET_NAME)";
				SWIFT_VERSION = 4.0;
				TARGETED_DEVICE_FAMILY = "1,2";
				TEST_HOST = "$(BUILT_PRODUCTS_DIR)/CheckClean.app/CheckClean";
			};
			name = Debug;
		};
		4802CAB02095CE6A00227E61 /* Release */ = {
			isa = XCBuildConfiguration;
			buildSettings = {
				ALWAYS_EMBED_SWIFT_STANDARD_LIBRARIES = YES;
				BUNDLE_LOADER = "$(TEST_HOST)";
				CODE_SIGN_STYLE = Automatic;
				DEVELOPMENT_TEAM = YZ9ULCU5S6;
				INFOPLIST_FILE = CheckCleanTests/Info.plist;
				LD_RUNPATH_SEARCH_PATHS = "$(inherited) @executable_path/Frameworks @loader_path/Frameworks";
				PRODUCT_BUNDLE_IDENTIFIER = SEMM.CheckCleanTests;
				PRODUCT_NAME = "$(TARGET_NAME)";
				SWIFT_VERSION = 4.0;
				TARGETED_DEVICE_FAMILY = "1,2";
				TEST_HOST = "$(BUILT_PRODUCTS_DIR)/CheckClean.app/CheckClean";
			};
			name = Release;
		};
		4802CAB22095CE6A00227E61 /* Debug */ = {
			isa = XCBuildConfiguration;
			buildSettings = {
				ALWAYS_EMBED_SWIFT_STANDARD_LIBRARIES = YES;
				CODE_SIGN_STYLE = Automatic;
				DEVELOPMENT_TEAM = YZ9ULCU5S6;
				INFOPLIST_FILE = CheckCleanUITests/Info.plist;
				LD_RUNPATH_SEARCH_PATHS = "$(inherited) @executable_path/Frameworks @loader_path/Frameworks";
				PRODUCT_BUNDLE_IDENTIFIER = SEMM.CheckCleanUITests;
				PRODUCT_NAME = "$(TARGET_NAME)";
				SWIFT_VERSION = 4.0;
				TARGETED_DEVICE_FAMILY = "1,2";
				TEST_TARGET_NAME = CheckClean;
			};
			name = Debug;
		};
		4802CAB32095CE6A00227E61 /* Release */ = {
			isa = XCBuildConfiguration;
			buildSettings = {
				ALWAYS_EMBED_SWIFT_STANDARD_LIBRARIES = YES;
				CODE_SIGN_STYLE = Automatic;
				DEVELOPMENT_TEAM = YZ9ULCU5S6;
				INFOPLIST_FILE = CheckCleanUITests/Info.plist;
				LD_RUNPATH_SEARCH_PATHS = "$(inherited) @executable_path/Frameworks @loader_path/Frameworks";
				PRODUCT_BUNDLE_IDENTIFIER = SEMM.CheckCleanUITests;
				PRODUCT_NAME = "$(TARGET_NAME)";
				SWIFT_VERSION = 4.0;
				TARGETED_DEVICE_FAMILY = "1,2";
				TEST_TARGET_NAME = CheckClean;
			};
			name = Release;
		};
/* End XCBuildConfiguration section */

/* Begin XCConfigurationList section */
		4802CA7E2095CE6900227E61 /* Build configuration list for PBXProject "CheckClean" */ = {
			isa = XCConfigurationList;
			buildConfigurations = (
				4802CAA92095CE6A00227E61 /* Debug */,
				4802CAAA2095CE6A00227E61 /* Release */,
			);
			defaultConfigurationIsVisible = 0;
			defaultConfigurationName = Release;
		};
		4802CAAB2095CE6A00227E61 /* Build configuration list for PBXNativeTarget "CheckClean" */ = {
			isa = XCConfigurationList;
			buildConfigurations = (
				4802CAAC2095CE6A00227E61 /* Debug */,
				4802CAAD2095CE6A00227E61 /* Release */,
			);
			defaultConfigurationIsVisible = 0;
			defaultConfigurationName = Release;
		};
		4802CAAE2095CE6A00227E61 /* Build configuration list for PBXNativeTarget "CheckCleanTests" */ = {
			isa = XCConfigurationList;
			buildConfigurations = (
				4802CAAF2095CE6A00227E61 /* Debug */,
				4802CAB02095CE6A00227E61 /* Release */,
			);
			defaultConfigurationIsVisible = 0;
			defaultConfigurationName = Release;
		};
		4802CAB12095CE6A00227E61 /* Build configuration list for PBXNativeTarget "CheckCleanUITests" */ = {
			isa = XCConfigurationList;
			buildConfigurations = (
				4802CAB22095CE6A00227E61 /* Debug */,
				4802CAB32095CE6A00227E61 /* Release */,
			);
			defaultConfigurationIsVisible = 0;
			defaultConfigurationName = Release;
		};
/* End XCConfigurationList section */
	};
	rootObject = 4802CA7B2095CE6900227E61 /* Project object */;
}
